<?xml version="1.0" encoding="utf-8"?>
<Project ToolsVersion="16.0" xmlns="http://schemas.microsoft.com/developer/msbuild/2003">
  <ItemGroup>
    <ClCompile Include="C:\Users\Anders\Desktop\Master\OpenVINO_project\Hey_Spark_OpenVINO\voice_recognition_OpenVINO.cpp">
      <Filter>src</Filter>
    </ClCompile>
    <ClCompile Include="C:\Users\Anders\Desktop\Master\OpenVINO_project\Hey_Spark_OpenVINO\wav_utils\record_voice.cpp">
      <Filter>src</Filter>
    </ClCompile>
    <ClCompile Include="C:\Users\Anders\Desktop\Master\OpenVINO_project\Hey_Spark_OpenVINO\wav_utils\write_wav.cpp">
      <Filter>src</Filter>
    </ClCompile>
  </ItemGroup>
  <ItemGroup>
    <ClInclude Include="C:\Users\Anders\Desktop\Master\OpenVINO_project\Hey_Spark_OpenVINO\wav_utils\record_voice.h">
      <Filter>src</Filter>
    </ClInclude>
    <ClInclude Include="C:\Users\Anders\Desktop\Master\OpenVINO_project\Hey_Spark_OpenVINO\wav_utils\write_wav.h">
      <Filter>src</Filter>
    </ClInclude>
  </ItemGroup>
  <ItemGroup>
    <CustomBuild Include="C:\Users\Anders\Desktop\Master\OpenVINO_project\Hey_Spark_OpenVINO\CMakeLists.txt" />
  </ItemGroup>
  <ItemGroup>
    <Filter Include="src">
      <UniqueIdentifier>{C9259C41-B36D-395D-AF1A-E36680FDE43E}</UniqueIdentifier>
    </Filter>
  </ItemGroup>
</Project>
